
Microsoft Visual Studio Solution File, Format Version 12.00
# Visual Studio 15
VisualStudioVersion = 15.0.28010.2026
MinimumVisualStudioVersion = 10.0.40219.1
Project("{9A19103F-16F7-4668-BE54-9A1E7A4F7556}") = "SpaceManagement", "SpaceManagement\SpaceManagement.csproj", "{583D71F7-9C72-4080-9C77-BC9FB209461D}"
EndProject
Project("{9A19103F-16F7-4668-BE54-9A1E7A4F7556}") = "SpaceManagement.Tests.Unit", "SpaceManagement.Tests.Unit\SpaceManagement.Tests.Unit.csproj", "{8A7D77B7-229A-4654-A60F-656FEBB298D2}"
EndProject
Global
	GlobalSection(SolutionConfigurationPlatforms) = preSolution
		Debug|Any CPU = Debug|Any CPU
		Release|Any CPU = Release|Any CPU
	EndGlobalSection
	GlobalSection(ProjectConfigurationPlatforms) = postSolution
		{583D71F7-9C72-4080-9C77-BC9FB209461D}.Debug|Any CPU.ActiveCfg = Debug|Any CPU
		{583D71F7-9C72-4080-9C77-BC9FB209461D}.Debug|Any CPU.Build.0 = Debug|Any CPU
		{583D71F7-9C72-4080-9C77-BC9FB209461D}.Release|Any CPU.ActiveCfg = Release|Any CPU
		{583D71F7-9C72-4080-9C77-BC9FB209461D}.Release|Any CPU.Build.0 = Release|Any CPU
		{8A7D77B7-229A-4654-A60F-656FEBB298D2}.Debug|Any CPU.ActiveCfg = Debug|Any CPU
		{8A7D77B7-229A-4654-A60F-656FEBB298D2}.Debug|Any CPU.Build.0 = Debug|Any CPU
		{8A7D77B7-229A-4654-A60F-656FEBB298D2}.Release|Any CPU.ActiveCfg = Release|Any CPU
		{8A7D77B7-229A-4654-A60F-656FEBB298D2}.Release|Any CPU.Build.0 = Release|Any CPU
	EndGlobalSection
	GlobalSection(SolutionProperties) = preSolution
		HideSolutionNode = FALSE
	EndGlobalSection
	GlobalSection(ExtensibilityGlobals) = postSolution
		SolutionGuid = {66FD05C7-7A71-4EC1-ACCE-C9A7B36A5ED0}
	EndGlobalSection
EndGlobal
